
Microsoft Visual Studio Solution File, Format Version 12.00
# Visual Studio Version 16
VisualStudioVersion = 16.0.30128.74
MinimumVisualStudioVersion = 10.0.40219.1
Project("{FAE04EC0-301F-11D3-BF4B-00C04F79EFBC}") = "FuncoesRecursivas", "FuncoesRecursivas.csproj", "{9D8E3A3D-E8F0-4075-8CD4-619694E63A78}"
EndProject
Global
	GlobalSection(SolutionConfigurationPlatforms) = preSolution
		Debug|Any CPU = Debug|Any CPU
		Release|Any CPU = Release|Any CPU
	EndGlobalSection
	GlobalSection(ProjectConfigurationPlatforms) = postSolution
		{9D8E3A3D-E8F0-4075-8CD4-619694E63A78}.Debug|Any CPU.ActiveCfg = Debug|Any CPU
		{9D8E3A3D-E8F0-4075-8CD4-619694E63A78}.Debug|Any CPU.Build.0 = Debug|Any CPU
		{9D8E3A3D-E8F0-4075-8CD4-619694E63A78}.Release|Any CPU.ActiveCfg = Release|Any CPU
		{9D8E3A3D-E8F0-4075-8CD4-619694E63A78}.Release|Any CPU.Build.0 = Release|Any CPU
	EndGlobalSection
	GlobalSection(SolutionProperties) = preSolution
		HideSolutionNode = FALSE
	EndGlobalSection
	GlobalSection(ExtensibilityGlobals) = postSolution
		SolutionGuid = {ECDE67AB-1631-4379-BC02-C2EA6CA02747}
	EndGlobalSection
EndGlobal
